
Microsoft Visual Studio Solution File, Format Version 12.00
# Visual Studio 14
VisualStudioVersion = 14.0.24720.0
MinimumVisualStudioVersion = 10.0.40219.1
Project("{FAE04EC0-301F-11D3-BF4B-00C04F79EFBC}") = "WebApi.Template", "WebApi.Template\WebApi.Template.csproj", "{0E5ED2F9-2D23-45AF-9107-8B4718D8897C}"
EndProject
Project("{FAE04EC0-301F-11D3-BF4B-00C04F79EFBC}") = "WebApi.Template.Tests", "WebApi.Template.Tests\WebApi.Template.Tests.csproj", "{4FBBEC1B-D810-4BFA-A113-4E7EF672FC77}"
EndProject
Global
	GlobalSection(SolutionConfigurationPlatforms) = preSolution
		Debug|Any CPU = Debug|Any CPU
		Release|Any CPU = Release|Any CPU
	EndGlobalSection
	GlobalSection(ProjectConfigurationPlatforms) = postSolution
		{0E5ED2F9-2D23-45AF-9107-8B4718D8897C}.Debug|Any CPU.ActiveCfg = Debug|Any CPU
		{0E5ED2F9-2D23-45AF-9107-8B4718D8897C}.Debug|Any CPU.Build.0 = Debug|Any CPU
		{0E5ED2F9-2D23-45AF-9107-8B4718D8897C}.Release|Any CPU.ActiveCfg = Release|Any CPU
		{0E5ED2F9-2D23-45AF-9107-8B4718D8897C}.Release|Any CPU.Build.0 = Release|Any CPU
		{4FBBEC1B-D810-4BFA-A113-4E7EF672FC77}.Debug|Any CPU.ActiveCfg = Debug|Any CPU
		{4FBBEC1B-D810-4BFA-A113-4E7EF672FC77}.Debug|Any CPU.Build.0 = Debug|Any CPU
		{4FBBEC1B-D810-4BFA-A113-4E7EF672FC77}.Release|Any CPU.ActiveCfg = Release|Any CPU
		{4FBBEC1B-D810-4BFA-A113-4E7EF672FC77}.Release|Any CPU.Build.0 = Release|Any CPU
	EndGlobalSection
	GlobalSection(SolutionProperties) = preSolution
		HideSolutionNode = FALSE
	EndGlobalSection
EndGlobal
